
Microsoft Visual Studio Solution File, Format Version 12.00
# Visual Studio Version 17
VisualStudioVersion = 17.1.32210.238
MinimumVisualStudioVersion = 10.0.40219.1
Project("{9A19103F-16F7-4668-BE54-9A1E7A4F7556}") = "Yclients", "Yclients.csproj", "{B4385504-F73F-41F4-A13D-2637B61A3FE9}"
EndProject
Global
	GlobalSection(SolutionConfigurationPlatforms) = preSolution
		Debug|Any CPU = Debug|Any CPU
		Release|Any CPU = Release|Any CPU
	EndGlobalSection
	GlobalSection(ProjectConfigurationPlatforms) = postSolution
		{B4385504-F73F-41F4-A13D-2637B61A3FE9}.Debug|Any CPU.ActiveCfg = Debug|Any CPU
		{B4385504-F73F-41F4-A13D-2637B61A3FE9}.Debug|Any CPU.Build.0 = Debug|Any CPU
		{B4385504-F73F-41F4-A13D-2637B61A3FE9}.Release|Any CPU.ActiveCfg = Release|Any CPU
		{B4385504-F73F-41F4-A13D-2637B61A3FE9}.Release|Any CPU.Build.0 = Release|Any CPU
	EndGlobalSection
	GlobalSection(SolutionProperties) = preSolution
		HideSolutionNode = FALSE
	EndGlobalSection
	GlobalSection(ExtensibilityGlobals) = postSolution
		SolutionGuid = {A3CA825E-720E-42B7-B417-C5DB4EE20907}
	EndGlobalSection
EndGlobal
